PODS:
  - FBSnapshotTestCase (2.1.4):
    - FBSnapshotTestCase/SwiftSupport (= 2.1.4)
  - FBSnapshotTestCase/Core (2.1.4)
  - FBSnapshotTestCase/SwiftSupport (2.1.4):
    - FBSnapshotTestCase/Core
  - LanguageSet (0.0.1)

DEPENDENCIES:
  - FBSnapshotTestCase
  - LanguageSet (from `../`)

SPEC REPOS:
  trunk:
    - FBSnapshotTestCase

EXTERNAL SOURCES:
  LanguageSet:
    :path: "../"

SPEC CHECKSUMS:
  FBSnapshotTestCase: 094f9f314decbabe373b87cc339bea235a63e07a
  LanguageSet: 13cb9257ade211408520a70b691e40f96846879e

PODFILE CHECKSUM: 222f2fc622ad00614cac4203270afb55b1cbf37c

COCOAPODS: 1.16.2
